
Microsoft Visual Studio Solution File, Format Version 12.00
# Visual Studio Version 16
VisualStudioVersion = 16.0.29519.87
MinimumVisualStudioVersion = 10.0.40219.1
Project("{2150E333-8FDC-42A3-9474-1A3956D46DE8}") = "Classes", "Classes", "{02CCC22F-8E88-43DD-8032-4F9020185C11}"
EndProject
Project("{9A19103F-16F7-4668-BE54-9A1E7A4F7556}") = "AccessModifiers", "Classes\AccessModifiers\AccessModifiers.csproj", "{5AFB5767-24D3-48B7-A841-9F6520A34DB9}"
EndProject
Project("{9A19103F-16F7-4668-BE54-9A1E7A4F7556}") = "Composition", "Classes\Composition\Composition.csproj", "{D2EC0DE2-8260-40B2-9CF6-B9E5ED5C47B0}"
EndProject
Project("{9A19103F-16F7-4668-BE54-9A1E7A4F7556}") = "Constructors", "Classes\Constructors\Constructors.csproj", "{BABD6796-AAF6-487B-A3A7-053285B61466}"
EndProject
Project("{9A19103F-16F7-4668-BE54-9A1E7A4F7556}") = "Fields", "Classes\Fields\Fields.csproj", "{408031D1-0E21-4B17-8429-DD3B1C48404C}"
EndProject
Project("{9A19103F-16F7-4668-BE54-9A1E7A4F7556}") = "Indexers", "Classes\Indexers\Indexers.csproj", "{2DCABD69-00C7-4DCE-B59A-1117C11FE5A4}"
EndProject
Project("{9A19103F-16F7-4668-BE54-9A1E7A4F7556}") = "Inheritance", "Classes\Inheritance\Inheritance.csproj", "{EAC2A60B-ED60-4F65-BE62-82AF6EBDEF8D}"
EndProject
Project("{9A19103F-16F7-4668-BE54-9A1E7A4F7556}") = "Methods", "Classes\Methods\Methods.csproj", "{E08A22E1-285D-4C35-8B6D-399599C6ED8E}"
EndProject
Project("{9A19103F-16F7-4668-BE54-9A1E7A4F7556}") = "Properties", "Classes\Properties\Properties.csproj", "{2F66E4D5-94C0-4AB8-8596-0AAE934BBC72}"
EndProject
Project("{2150E333-8FDC-42A3-9474-1A3956D46DE8}") = "Inheritance", "Inheritance", "{4B6CFF54-E54F-42D0-8F71-61F058744815}"
EndProject
Project("{9A19103F-16F7-4668-BE54-9A1E7A4F7556}") = "AccessModifiersInheritance", "Inheritance\AccessModifiersInheritance\AccessModifiersInheritance.csproj", "{4C6582BD-4285-407D-AB7B-9C3161FC3386}"
EndProject
Project("{9A19103F-16F7-4668-BE54-9A1E7A4F7556}") = "Amazon", "Inheritance\Amazon\Amazon.csproj", "{BC71A5C0-A7BB-4E5A-AF84-1BD366ADE5C9}"
EndProject
Project("{9A19103F-16F7-4668-BE54-9A1E7A4F7556}") = "ConstructorsInheritance", "Inheritance\ConstructorsInheritance\ConstructorsInheritance.csproj", "{B5906A64-78C4-46C8-9919-CBB90FAAB148}"
EndProject
Project("{9A19103F-16F7-4668-BE54-9A1E7A4F7556}") = "UpcastingDowncasting", "Inheritance\UpcastingDowncasting\UpcastingDowncasting.csproj", "{B244AF68-EF68-49EF-9724-73ABFD56B1A6}"
EndProject
Project("{9A19103F-16F7-4668-BE54-9A1E7A4F7556}") = "WpfApp1", "Inheritance\WpfApp1\WpfApp1.csproj", "{6C6450B6-813E-4649-9388-2BFD7D888537}"
EndProject
Project("{9A19103F-16F7-4668-BE54-9A1E7A4F7556}") = "BoxingUnboxing", "Inheritance\BoxingUnboxing\BoxingUnboxing.csproj", "{B89AEF7F-48B3-4CF3-8844-01CC063D0E5E}"
EndProject
Project("{9A19103F-16F7-4668-BE54-9A1E7A4F7556}") = "Exercise1", "Classes\Exercise1\Exercise1.csproj", "{6CB554EB-1882-4268-9BF8-2F8526274F57}"
EndProject
Project("{9A19103F-16F7-4668-BE54-9A1E7A4F7556}") = "Exercise2", "Classes\Exercise2\Exercise2.csproj", "{2A66BE1B-B89A-4C56-BB9F-8D81A6FCA4CA}"
EndProject
Project("{9A19103F-16F7-4668-BE54-9A1E7A4F7556}") = "Exercise3", "Inheritance\Exercise3\Exercise3.csproj", "{F9E11C82-6406-4ED5-A44D-943B92BDC95E}"
EndProject
Project("{2150E333-8FDC-42A3-9474-1A3956D46DE8}") = "Polymorphism", "Polymorphism", "{D60890C5-BA96-4B27-986F-A3B3853C397C}"
EndProject
Project("{9A19103F-16F7-4668-BE54-9A1E7A4F7556}") = "MethodOverriding", "Polymorphism\MethodOverriding\MethodOverriding.csproj", "{7B8BFC7F-45D3-4821-8850-95C347554435}"
EndProject
Project("{9A19103F-16F7-4668-BE54-9A1E7A4F7556}") = "AbstractClasses", "Polymorphism\AbstractClasses\AbstractClasses.csproj", "{7AE1DBD6-4B3E-4F56-804C-6DFD8112B76D}"
EndProject
Project("{9A19103F-16F7-4668-BE54-9A1E7A4F7556}") = "SealedClasses", "Polymorphism\SealedClasses\SealedClasses.csproj", "{A38F7A69-69FE-49EA-91EC-64C04A696F10}"
EndProject
Project("{9A19103F-16F7-4668-BE54-9A1E7A4F7556}") = "Exercise4", "Polymorphism\Exercise4\Exercise4.csproj", "{083C7500-F9FC-4ED3-A646-B70749BC47C1}"
EndProject
Project("{2150E333-8FDC-42A3-9474-1A3956D46DE8}") = "Interfaces", "Interfaces", "{26C26C35-CA9E-4A96-8BB2-71FD9BB1D726}"
EndProject
Project("{9A19103F-16F7-4668-BE54-9A1E7A4F7556}") = "Testability", "Interfaces\Testability\Testability.csproj", "{3D34091D-68E4-4081-A1B9-1C7C3C4E3B41}"
EndProject
Project("{9A19103F-16F7-4668-BE54-9A1E7A4F7556}") = "Testability.UnitTests", "Interfaces\Testability.UnitTests\Testability.UnitTests.csproj", "{EAA95EE4-868B-4921-80D8-C3FE27AC5DE0}"
EndProject
Project("{9A19103F-16F7-4668-BE54-9A1E7A4F7556}") = "Extensibility", "Interfaces\Extensibility\Extensibility.csproj", "{249DAD66-F29A-472A-99E4-45DF4C14A2CD}"
EndProject
Project("{FAE04EC0-301F-11D3-BF4B-00C04F79EFBC}") = "MultipleInheritance", "Interfaces\MultipleInheritance\MultipleInheritance.csproj", "{FF875E00-1A26-4930-B3E9-B35DA4F103DE}"
EndProject
Project("{FAE04EC0-301F-11D3-BF4B-00C04F79EFBC}") = "PolymorphismInterface", "Interfaces\PolymorphismInterface\PolymorphismInterface.csproj", "{C0F1FD6B-DFCB-466F-84EC-5F5A8C55FD59}"
EndProject
Project("{FAE04EC0-301F-11D3-BF4B-00C04F79EFBC}") = "Exercise5", "Interfaces\Exercise5\Exercise5.csproj", "{6CB4CC4D-01C5-4896-AA6E-1434FAE43B64}"
EndProject
Global
	GlobalSection(SolutionConfigurationPlatforms) = preSolution
		Debug|Any CPU = Debug|Any CPU
		Release|Any CPU = Release|Any CPU
	EndGlobalSection
	GlobalSection(ProjectConfigurationPlatforms) = postSolution
		{5AFB5767-24D3-48B7-A841-9F6520A34DB9}.Debug|Any CPU.ActiveCfg = Debug|Any CPU
		{5AFB5767-24D3-48B7-A841-9F6520A34DB9}.Debug|Any CPU.Build.0 = Debug|Any CPU
		{5AFB5767-24D3-48B7-A841-9F6520A34DB9}.Release|Any CPU.ActiveCfg = Release|Any CPU
		{5AFB5767-24D3-48B7-A841-9F6520A34DB9}.Release|Any CPU.Build.0 = Release|Any CPU
		{D2EC0DE2-8260-40B2-9CF6-B9E5ED5C47B0}.Debug|Any CPU.ActiveCfg = Debug|Any CPU
		{D2EC0DE2-8260-40B2-9CF6-B9E5ED5C47B0}.Debug|Any CPU.Build.0 = Debug|Any CPU
		{D2EC0DE2-8260-40B2-9CF6-B9E5ED5C47B0}.Release|Any CPU.ActiveCfg = Release|Any CPU
		{D2EC0DE2-8260-40B2-9CF6-B9E5ED5C47B0}.Release|Any CPU.Build.0 = Release|Any CPU
		{BABD6796-AAF6-487B-A3A7-053285B61466}.Debug|Any CPU.ActiveCfg = Debug|Any CPU
		{BABD6796-AAF6-487B-A3A7-053285B61466}.Debug|Any CPU.Build.0 = Debug|Any CPU
		{BABD6796-AAF6-487B-A3A7-053285B61466}.Release|Any CPU.ActiveCfg = Release|Any CPU
		{BABD6796-AAF6-487B-A3A7-053285B61466}.Release|Any CPU.Build.0 = Release|Any CPU
		{408031D1-0E21-4B17-8429-DD3B1C48404C}.Debug|Any CPU.ActiveCfg = Debug|Any CPU
		{408031D1-0E21-4B17-8429-DD3B1C48404C}.Debug|Any CPU.Build.0 = Debug|Any CPU
		{408031D1-0E21-4B17-8429-DD3B1C48404C}.Release|Any CPU.ActiveCfg = Release|Any CPU
		{408031D1-0E21-4B17-8429-DD3B1C48404C}.Release|Any CPU.Build.0 = Release|Any CPU
		{2DCABD69-00C7-4DCE-B59A-1117C11FE5A4}.Debug|Any CPU.ActiveCfg = Debug|Any CPU
		{2DCABD69-00C7-4DCE-B59A-1117C11FE5A4}.Debug|Any CPU.Build.0 = Debug|Any CPU
		{2DCABD69-00C7-4DCE-B59A-1117C11FE5A4}.Release|Any CPU.ActiveCfg = Release|Any CPU
		{2DCABD69-00C7-4DCE-B59A-1117C11FE5A4}.Release|Any CPU.Build.0 = Release|Any CPU
		{EAC2A60B-ED60-4F65-BE62-82AF6EBDEF8D}.Debug|Any CPU.ActiveCfg = Debug|Any CPU
		{EAC2A60B-ED60-4F65-BE62-82AF6EBDEF8D}.Debug|Any CPU.Build.0 = Debug|Any CPU
		{EAC2A60B-ED60-4F65-BE62-82AF6EBDEF8D}.Release|Any CPU.ActiveCfg = Release|Any CPU
		{EAC2A60B-ED60-4F65-BE62-82AF6EBDEF8D}.Release|Any CPU.Build.0 = Release|Any CPU
		{E08A22E1-285D-4C35-8B6D-399599C6ED8E}.Debug|Any CPU.ActiveCfg = Debug|Any CPU
		{E08A22E1-285D-4C35-8B6D-399599C6ED8E}.Debug|Any CPU.Build.0 = Debug|Any CPU
		{E08A22E1-285D-4C35-8B6D-399599C6ED8E}.Release|Any CPU.ActiveCfg = Release|Any CPU
		{E08A22E1-285D-4C35-8B6D-399599C6ED8E}.Release|Any CPU.Build.0 = Release|Any CPU
		{2F66E4D5-94C0-4AB8-8596-0AAE934BBC72}.Debug|Any CPU.ActiveCfg = Debug|Any CPU
		{2F66E4D5-94C0-4AB8-8596-0AAE934BBC72}.Debug|Any CPU.Build.0 = Debug|Any CPU
		{2F66E4D5-94C0-4AB8-8596-0AAE934BBC72}.Release|Any CPU.ActiveCfg = Release|Any CPU
		{2F66E4D5-94C0-4AB8-8596-0AAE934BBC72}.Release|Any CPU.Build.0 = Release|Any CPU
		{4C6582BD-4285-407D-AB7B-9C3161FC3386}.Debug|Any CPU.ActiveCfg = Debug|Any CPU
		{4C6582BD-4285-407D-AB7B-9C3161FC3386}.Debug|Any CPU.Build.0 = Debug|Any CPU
		{4C6582BD-4285-407D-AB7B-9C3161FC3386}.Release|Any CPU.ActiveCfg = Release|Any CPU
		{4C6582BD-4285-407D-AB7B-9C3161FC3386}.Release|Any CPU.Build.0 = Release|Any CPU
		{BC71A5C0-A7BB-4E5A-AF84-1BD366ADE5C9}.Debug|Any CPU.ActiveCfg = Debug|Any CPU
		{BC71A5C0-A7BB-4E5A-AF84-1BD366ADE5C9}.Debug|Any CPU.Build.0 = Debug|Any CPU
		{BC71A5C0-A7BB-4E5A-AF84-1BD366ADE5C9}.Release|Any CPU.ActiveCfg = Release|Any CPU
		{BC71A5C0-A7BB-4E5A-AF84-1BD366ADE5C9}.Release|Any CPU.Build.0 = Release|Any CPU
		{B5906A64-78C4-46C8-9919-CBB90FAAB148}.Debug|Any CPU.ActiveCfg = Debug|Any CPU
		{B5906A64-78C4-46C8-9919-CBB90FAAB148}.Debug|Any CPU.Build.0 = Debug|Any CPU
		{B5906A64-78C4-46C8-9919-CBB90FAAB148}.Release|Any CPU.ActiveCfg = Release|Any CPU
		{B5906A64-78C4-46C8-9919-CBB90FAAB148}.Release|Any CPU.Build.0 = Release|Any CPU
		{B244AF68-EF68-49EF-9724-73ABFD56B1A6}.Debug|Any CPU.ActiveCfg = Debug|Any CPU
		{B244AF68-EF68-49EF-9724-73ABFD56B1A6}.Debug|Any CPU.Build.0 = Debug|Any CPU
		{B244AF68-EF68-49EF-9724-73ABFD56B1A6}.Release|Any CPU.ActiveCfg = Release|Any CPU
		{B244AF68-EF68-49EF-9724-73ABFD56B1A6}.Release|Any CPU.Build.0 = Release|Any CPU
		{6C6450B6-813E-4649-9388-2BFD7D888537}.Debug|Any CPU.ActiveCfg = Debug|Any CPU
		{6C6450B6-813E-4649-9388-2BFD7D888537}.Debug|Any CPU.Build.0 = Debug|Any CPU
		{6C6450B6-813E-4649-9388-2BFD7D888537}.Release|Any CPU.ActiveCfg = Release|Any CPU
		{6C6450B6-813E-4649-9388-2BFD7D888537}.Release|Any CPU.Build.0 = Release|Any CPU
		{B89AEF7F-48B3-4CF3-8844-01CC063D0E5E}.Debug|Any CPU.ActiveCfg = Debug|Any CPU
		{B89AEF7F-48B3-4CF3-8844-01CC063D0E5E}.Debug|Any CPU.Build.0 = Debug|Any CPU
		{B89AEF7F-48B3-4CF3-8844-01CC063D0E5E}.Release|Any CPU.ActiveCfg = Release|Any CPU
		{B89AEF7F-48B3-4CF3-8844-01CC063D0E5E}.Release|Any CPU.Build.0 = Release|Any CPU
		{6CB554EB-1882-4268-9BF8-2F8526274F57}.Debug|Any CPU.ActiveCfg = Debug|Any CPU
		{6CB554EB-1882-4268-9BF8-2F8526274F57}.Debug|Any CPU.Build.0 = Debug|Any CPU
		{6CB554EB-1882-4268-9BF8-2F8526274F57}.Release|Any CPU.ActiveCfg = Release|Any CPU
		{6CB554EB-1882-4268-9BF8-2F8526274F57}.Release|Any CPU.Build.0 = Release|Any CPU
		{2A66BE1B-B89A-4C56-BB9F-8D81A6FCA4CA}.Debug|Any CPU.ActiveCfg = Debug|Any CPU
		{2A66BE1B-B89A-4C56-BB9F-8D81A6FCA4CA}.Debug|Any CPU.Build.0 = Debug|Any CPU
		{2A66BE1B-B89A-4C56-BB9F-8D81A6FCA4CA}.Release|Any CPU.ActiveCfg = Release|Any CPU
		{2A66BE1B-B89A-4C56-BB9F-8D81A6FCA4CA}.Release|Any CPU.Build.0 = Release|Any CPU
		{F9E11C82-6406-4ED5-A44D-943B92BDC95E}.Debug|Any CPU.ActiveCfg = Debug|Any CPU
		{F9E11C82-6406-4ED5-A44D-943B92BDC95E}.Debug|Any CPU.Build.0 = Debug|Any CPU
		{F9E11C82-6406-4ED5-A44D-943B92BDC95E}.Release|Any CPU.ActiveCfg = Release|Any CPU
		{F9E11C82-6406-4ED5-A44D-943B92BDC95E}.Release|Any CPU.Build.0 = Release|Any CPU
		{7B8BFC7F-45D3-4821-8850-95C347554435}.Debug|Any CPU.ActiveCfg = Debug|Any CPU
		{7B8BFC7F-45D3-4821-8850-95C347554435}.Debug|Any CPU.Build.0 = Debug|Any CPU
		{7B8BFC7F-45D3-4821-8850-95C347554435}.Release|Any CPU.ActiveCfg = Release|Any CPU
		{7B8BFC7F-45D3-4821-8850-95C347554435}.Release|Any CPU.Build.0 = Release|Any CPU
		{7AE1DBD6-4B3E-4F56-804C-6DFD8112B76D}.Debug|Any CPU.ActiveCfg = Debug|Any CPU
		{7AE1DBD6-4B3E-4F56-804C-6DFD8112B76D}.Debug|Any CPU.Build.0 = Debug|Any CPU
		{7AE1DBD6-4B3E-4F56-804C-6DFD8112B76D}.Release|Any CPU.ActiveCfg = Release|Any CPU
		{7AE1DBD6-4B3E-4F56-804C-6DFD8112B76D}.Release|Any CPU.Build.0 = Release|Any CPU
		{A38F7A69-69FE-49EA-91EC-64C04A696F10}.Debug|Any CPU.ActiveCfg = Debug|Any CPU
		{A38F7A69-69FE-49EA-91EC-64C04A696F10}.Debug|Any CPU.Build.0 = Debug|Any CPU
		{A38F7A69-69FE-49EA-91EC-64C04A696F10}.Release|Any CPU.ActiveCfg = Release|Any CPU
		{A38F7A69-69FE-49EA-91EC-64C04A696F10}.Release|Any CPU.Build.0 = Release|Any CPU
		{083C7500-F9FC-4ED3-A646-B70749BC47C1}.Debug|Any CPU.ActiveCfg = Debug|Any CPU
		{083C7500-F9FC-4ED3-A646-B70749BC47C1}.Debug|Any CPU.Build.0 = Debug|Any CPU
		{083C7500-F9FC-4ED3-A646-B70749BC47C1}.Release|Any CPU.ActiveCfg = Release|Any CPU
		{083C7500-F9FC-4ED3-A646-B70749BC47C1}.Release|Any CPU.Build.0 = Release|Any CPU
		{3D34091D-68E4-4081-A1B9-1C7C3C4E3B41}.Debug|Any CPU.ActiveCfg = Debug|Any CPU
		{3D34091D-68E4-4081-A1B9-1C7C3C4E3B41}.Debug|Any CPU.Build.0 = Debug|Any CPU
		{3D34091D-68E4-4081-A1B9-1C7C3C4E3B41}.Release|Any CPU.ActiveCfg = Release|Any CPU
		{3D34091D-68E4-4081-A1B9-1C7C3C4E3B41}.Release|Any CPU.Build.0 = Release|Any CPU
		{EAA95EE4-868B-4921-80D8-C3FE27AC5DE0}.Debug|Any CPU.ActiveCfg = Debug|Any CPU
		{EAA95EE4-868B-4921-80D8-C3FE27AC5DE0}.Debug|Any CPU.Build.0 = Debug|Any CPU
		{EAA95EE4-868B-4921-80D8-C3FE27AC5DE0}.Release|Any CPU.ActiveCfg = Release|Any CPU
		{EAA95EE4-868B-4921-80D8-C3FE27AC5DE0}.Release|Any CPU.Build.0 = Release|Any CPU
		{249DAD66-F29A-472A-99E4-45DF4C14A2CD}.Debug|Any CPU.ActiveCfg = Debug|Any CPU
		{249DAD66-F29A-472A-99E4-45DF4C14A2CD}.Debug|Any CPU.Build.0 = Debug|Any CPU
		{249DAD66-F29A-472A-99E4-45DF4C14A2CD}.Release|Any CPU.ActiveCfg = Release|Any CPU
		{249DAD66-F29A-472A-99E4-45DF4C14A2CD}.Release|Any CPU.Build.0 = Release|Any CPU
		{FF875E00-1A26-4930-B3E9-B35DA4F103DE}.Debug|Any CPU.ActiveCfg = Debug|Any CPU
		{FF875E00-1A26-4930-B3E9-B35DA4F103DE}.Debug|Any CPU.Build.0 = Debug|Any CPU
		{FF875E00-1A26-4930-B3E9-B35DA4F103DE}.Release|Any CPU.ActiveCfg = Release|Any CPU
		{FF875E00-1A26-4930-B3E9-B35DA4F103DE}.Release|Any CPU.Build.0 = Release|Any CPU
		{C0F1FD6B-DFCB-466F-84EC-5F5A8C55FD59}.Debug|Any CPU.ActiveCfg = Debug|Any CPU
		{C0F1FD6B-DFCB-466F-84EC-5F5A8C55FD59}.Debug|Any CPU.Build.0 = Debug|Any CPU
		{C0F1FD6B-DFCB-466F-84EC-5F5A8C55FD59}.Release|Any CPU.ActiveCfg = Release|Any CPU
		{C0F1FD6B-DFCB-466F-84EC-5F5A8C55FD59}.Release|Any CPU.Build.0 = Release|Any CPU
		{6CB4CC4D-01C5-4896-AA6E-1434FAE43B64}.Debug|Any CPU.ActiveCfg = Debug|Any CPU
		{6CB4CC4D-01C5-4896-AA6E-1434FAE43B64}.Debug|Any CPU.Build.0 = Debug|Any CPU
		{6CB4CC4D-01C5-4896-AA6E-1434FAE43B64}.Release|Any CPU.ActiveCfg = Release|Any CPU
		{6CB4CC4D-01C5-4896-AA6E-1434FAE43B64}.Release|Any CPU.Build.0 = Release|Any CPU
	EndGlobalSection
	GlobalSection(SolutionProperties) = preSolution
		HideSolutionNode = FALSE
	EndGlobalSection
	GlobalSection(NestedProjects) = preSolution
		{5AFB5767-24D3-48B7-A841-9F6520A34DB9} = {02CCC22F-8E88-43DD-8032-4F9020185C11}
		{D2EC0DE2-8260-40B2-9CF6-B9E5ED5C47B0} = {02CCC22F-8E88-43DD-8032-4F9020185C11}
		{BABD6796-AAF6-487B-A3A7-053285B61466} = {02CCC22F-8E88-43DD-8032-4F9020185C11}
		{408031D1-0E21-4B17-8429-DD3B1C48404C} = {02CCC22F-8E88-43DD-8032-4F9020185C11}
		{2DCABD69-00C7-4DCE-B59A-1117C11FE5A4} = {02CCC22F-8E88-43DD-8032-4F9020185C11}
		{EAC2A60B-ED60-4F65-BE62-82AF6EBDEF8D} = {02CCC22F-8E88-43DD-8032-4F9020185C11}
		{E08A22E1-285D-4C35-8B6D-399599C6ED8E} = {02CCC22F-8E88-43DD-8032-4F9020185C11}
		{2F66E4D5-94C0-4AB8-8596-0AAE934BBC72} = {02CCC22F-8E88-43DD-8032-4F9020185C11}
		{4C6582BD-4285-407D-AB7B-9C3161FC3386} = {4B6CFF54-E54F-42D0-8F71-61F058744815}
		{BC71A5C0-A7BB-4E5A-AF84-1BD366ADE5C9} = {4B6CFF54-E54F-42D0-8F71-61F058744815}
		{B5906A64-78C4-46C8-9919-CBB90FAAB148} = {4B6CFF54-E54F-42D0-8F71-61F058744815}
		{B244AF68-EF68-49EF-9724-73ABFD56B1A6} = {4B6CFF54-E54F-42D0-8F71-61F058744815}
		{6C6450B6-813E-4649-9388-2BFD7D888537} = {4B6CFF54-E54F-42D0-8F71-61F058744815}
		{B89AEF7F-48B3-4CF3-8844-01CC063D0E5E} = {4B6CFF54-E54F-42D0-8F71-61F058744815}
		{6CB554EB-1882-4268-9BF8-2F8526274F57} = {02CCC22F-8E88-43DD-8032-4F9020185C11}
		{2A66BE1B-B89A-4C56-BB9F-8D81A6FCA4CA} = {02CCC22F-8E88-43DD-8032-4F9020185C11}
		{F9E11C82-6406-4ED5-A44D-943B92BDC95E} = {4B6CFF54-E54F-42D0-8F71-61F058744815}
		{7B8BFC7F-45D3-4821-8850-95C347554435} = {D60890C5-BA96-4B27-986F-A3B3853C397C}
		{7AE1DBD6-4B3E-4F56-804C-6DFD8112B76D} = {D60890C5-BA96-4B27-986F-A3B3853C397C}
		{A38F7A69-69FE-49EA-91EC-64C04A696F10} = {D60890C5-BA96-4B27-986F-A3B3853C397C}
		{083C7500-F9FC-4ED3-A646-B70749BC47C1} = {D60890C5-BA96-4B27-986F-A3B3853C397C}
		{3D34091D-68E4-4081-A1B9-1C7C3C4E3B41} = {26C26C35-CA9E-4A96-8BB2-71FD9BB1D726}
		{EAA95EE4-868B-4921-80D8-C3FE27AC5DE0} = {26C26C35-CA9E-4A96-8BB2-71FD9BB1D726}
		{249DAD66-F29A-472A-99E4-45DF4C14A2CD} = {26C26C35-CA9E-4A96-8BB2-71FD9BB1D726}
		{FF875E00-1A26-4930-B3E9-B35DA4F103DE} = {26C26C35-CA9E-4A96-8BB2-71FD9BB1D726}
		{C0F1FD6B-DFCB-466F-84EC-5F5A8C55FD59} = {26C26C35-CA9E-4A96-8BB2-71FD9BB1D726}
		{6CB4CC4D-01C5-4896-AA6E-1434FAE43B64} = {26C26C35-CA9E-4A96-8BB2-71FD9BB1D726}
	EndGlobalSection
	GlobalSection(ExtensibilityGlobals) = postSolution
		SolutionGuid = {728CE466-5A53-4A29-A630-147B0DC87392}
	EndGlobalSection
EndGlobal
